
Microsoft Visual Studio Solution File, Format Version 12.00
# Visual Studio 15
VisualStudioVersion = 15.0.27703.2026
MinimumVisualStudioVersion = 10.0.40219.1
Project("{FAE04EC0-301F-11D3-BF4B-00C04F79EFBC}") = "MvcMovie", "MvcMovie\MvcMovie.csproj", "{4B8B6180-09EC-479B-8E86-CB3CF92C59D9}"
EndProject
Global
	GlobalSection(SolutionConfigurationPlatforms) = preSolution
		Debug|Any CPU = Debug|Any CPU
		Release|Any CPU = Release|Any CPU
	EndGlobalSection
	GlobalSection(ProjectConfigurationPlatforms) = postSolution
		{4B8B6180-09EC-479B-8E86-CB3CF92C59D9}.Debug|Any CPU.ActiveCfg = Debug|Any CPU
		{4B8B6180-09EC-479B-8E86-CB3CF92C59D9}.Debug|Any CPU.Build.0 = Debug|Any CPU
		{4B8B6180-09EC-479B-8E86-CB3CF92C59D9}.Release|Any CPU.ActiveCfg = Release|Any CPU
		{4B8B6180-09EC-479B-8E86-CB3CF92C59D9}.Release|Any CPU.Build.0 = Release|Any CPU
	EndGlobalSection
	GlobalSection(SolutionProperties) = preSolution
		HideSolutionNode = FALSE
	EndGlobalSection
	GlobalSection(ExtensibilityGlobals) = postSolution
		SolutionGuid = {E956345E-C796-449D-8AF0-AD792592CF74}
	EndGlobalSection
EndGlobal
